
Microsoft Visual Studio Solution File, Format Version 12.00
# Visual Studio Version 17
VisualStudioVersion = 17.4.33110.190
MinimumVisualStudioVersion = 10.0.40219.1
Project("{9A19103F-16F7-4668-BE54-9A1E7A4F7556}") = "ArchLab4", "ArchLab4\ArchLab4.csproj", "{AD39357E-4662-43CF-AEFC-DBB314C846BC}"
EndProject
Project("{9A19103F-16F7-4668-BE54-9A1E7A4F7556}") = "Arch4Platform", "Arch4Platform\Arch4Platform.csproj", "{B050E1CD-B345-49D3-8892-371F3DD82636}"
EndProject
Project("{9A19103F-16F7-4668-BE54-9A1E7A4F7556}") = "Arch4Client", "Arch4Client\Arch4Client.csproj", "{F57CCCF5-6C2D-4166-9275-B6249D59926D}"
EndProject
Global
	GlobalSection(SolutionConfigurationPlatforms) = preSolution
		Debug|Any CPU = Debug|Any CPU
		Release|Any CPU = Release|Any CPU
	EndGlobalSection
	GlobalSection(ProjectConfigurationPlatforms) = postSolution
		{AD39357E-4662-43CF-AEFC-DBB314C846BC}.Debug|Any CPU.ActiveCfg = Debug|Any CPU
		{AD39357E-4662-43CF-AEFC-DBB314C846BC}.Debug|Any CPU.Build.0 = Debug|Any CPU
		{AD39357E-4662-43CF-AEFC-DBB314C846BC}.Release|Any CPU.ActiveCfg = Release|Any CPU
		{AD39357E-4662-43CF-AEFC-DBB314C846BC}.Release|Any CPU.Build.0 = Release|Any CPU
		{B050E1CD-B345-49D3-8892-371F3DD82636}.Debug|Any CPU.ActiveCfg = Debug|Any CPU
		{B050E1CD-B345-49D3-8892-371F3DD82636}.Debug|Any CPU.Build.0 = Debug|Any CPU
		{B050E1CD-B345-49D3-8892-371F3DD82636}.Release|Any CPU.ActiveCfg = Release|Any CPU
		{B050E1CD-B345-49D3-8892-371F3DD82636}.Release|Any CPU.Build.0 = Release|Any CPU
		{F57CCCF5-6C2D-4166-9275-B6249D59926D}.Debug|Any CPU.ActiveCfg = Debug|Any CPU
		{F57CCCF5-6C2D-4166-9275-B6249D59926D}.Debug|Any CPU.Build.0 = Debug|Any CPU
		{F57CCCF5-6C2D-4166-9275-B6249D59926D}.Release|Any CPU.ActiveCfg = Release|Any CPU
		{F57CCCF5-6C2D-4166-9275-B6249D59926D}.Release|Any CPU.Build.0 = Release|Any CPU
	EndGlobalSection
	GlobalSection(SolutionProperties) = preSolution
		HideSolutionNode = FALSE
	EndGlobalSection
	GlobalSection(ExtensibilityGlobals) = postSolution
		SolutionGuid = {E463ED08-4074-452F-8E7A-69C48CF9F8CE}
	EndGlobalSection
EndGlobal
